{
  "version": 4,
  "terraform_version": "0.14.7",
  "serial": 99,
  "lineage": "03e22988-2bb2-9efe-9251-4d9728844b5d",
  "outputs": {},
  "resources": [
    {
      "module": "module.EKS_MASTER",
      "mode": "managed",
      "type": "aws_cloudwatch_log_group",
      "name": "logging",
      "provider": "provider[\"registry.terraform.io/hashicorp/aws\"]",
      "instances": [
        {
          "schema_version": 0,
          "attributes": {
            "arn": "arn:aws:logs:us-east-1:737971166371:log-group:/aws/eks/EKS_CLUSTER/cluster",
            "id": "/aws/eks/EKS_CLUSTER/cluster",
            "kms_key_id": "",
            "name": "/aws/eks/EKS_CLUSTER/cluster",
            "name_prefix": null,
            "retention_in_days": 7,
            "tags": {
              "Name": "EKS_CLUSTER - logs"
            },
            "tags_all": {
              "Name": "EKS_CLUSTER - logs"
            }
          },
          "sensitive_attributes": [],
          "private": "bnVsbA=="
        }
      ]
    },
    {
      "module": "module.EKS_MASTER",
      "mode": "managed",
      "type": "aws_eks_cluster",
      "name": "EKS_CLUSTER",
      "provider": "provider[\"registry.terraform.io/hashicorp/aws\"]",
      "instances": [
        {
          "schema_version": 0,
          "attributes": {
            "arn": "arn:aws:eks:us-east-1:737971166371:cluster/EKS_CLUSTER",
            "certificate_authority": [
              {
                "data": "LS0tLS1CRUdJTiBDRVJUSUZJQ0FURS0tLS0tCk1JSUM1ekNDQWMrZ0F3SUJBZ0lCQURBTkJna3Foa2lHOXcwQkFRc0ZBREFWTVJNd0VRWURWUVFERXdwcmRXSmwKY201bGRHVnpNQjRYRFRJeU1EVXhNakV6TWprek1Wb1hEVE15TURVd09URXpNamt6TVZvd0ZURVRNQkVHQTFVRQpBeE1LYTNWaVpYSnVaWFJsY3pDQ0FTSXdEUVlKS29aSWh2Y05BUUVCQlFBRGdnRVBBRENDQVFvQ2dnRUJBTTh3CmVKQmJGNHp6ZmsyUE9CUTM3b1NWRE42aWUrSituLzNRK0t1WmpIOUQxbVNHaGtGK242TlNxR0wyRWtscUVaQVIKR0QyMmY1RVYyTkJlM09RNTc5dVVMbmh3RC9YblluMXAxL2N6QXRiMHhBY0tIRzNUSTlIOUIwVUZIc05XQkhwawpUbDk2QU9sNEsxbnZSaE5EaEt0TUZMaXRQa2Nmc1ZiYng3VDAwWkMreTB4ejRIR3JIT3NKUkR4bkV6YzhCQTcrCnhYQXlZckM4ajJTcnUxdDJGUUFnWU56OGhRNHdiUU1wR0F0T3lZd1d4U0kxbk0vUFdBY1p6aDdHRUlLNjlIa3cKYVVzdHo5Q2R1NWNIMjNtTk10aVllaVdXZTFxZ3M1dThnajVPZnBHZndSWWUwL0xrVG5aZFVVYnJ1M1pmWVRTdApuZVowZm1ieVM1Tmh5dmJPN1FFQ0F3RUFBYU5DTUVBd0RnWURWUjBQQVFIL0JBUURBZ0trTUE4R0ExVWRFd0VCCi93UUZNQU1CQWY4d0hRWURWUjBPQkJZRUZCY2t3N01ib2ZQWWJMZUVQZWorUjltY3NZRi9NQTBHQ1NxR1NJYjMKRFFFQkN3VUFBNElCQVFBQ2pUSWtaemlLNUhRRHI4cDdFblpLbXkvRzh5L0luUUlFVU8xakN4dXorazlNeHM3KwovRHo3bGh2K3QxV3R5aWFXYVI5NHEwdDBnN28zYWt4N0dPUWVZVzBpSEJNWWRXb2RnN0FVK0NYQ0RqKy9tVDNJCmF5NEE2SlMySHd6eklScWx4SFJML3M4M2Fucy9IRCtJaFRGM1czUXhrVTVINTBOaElOR2NaQlRRcUp4SFZVZkYKamVZdHV5d0hYMmVkSkNaU0ZiSGR2ZHhJUHFYUE8yVnBobkgveDRTeWh1ZmJERE1FV3o4TXA5T0N2d0hXQk4xRQp6eHU2eXZtcnN2QXVEcmNpTk5MRDZ2WE9Gckk5aHVycEVmNEhZMlB6YUZsVDVSd2puRGFXSHNIRmpiemk3bXkzCk9zbFd4cDc3R1Y2d0g1dUoxL2pDbWI1bVVBT1BnSmNhdnYzYwotLS0tLUVORCBDRVJUSUZJQ0FURS0tLS0tCg=="
              }
            ],
            "created_at": "2022-05-12 13:23:27.187 +0000 UTC",
            "enabled_cluster_log_types": [
              "api",
              "audit",
              "authenticator",
              "controllerManager",
              "scheduler"
            ],
            "encryption_config": [],
            "endpoint": "https://C0D7CF8223F9B6F41801684ED021EE63.gr7.us-east-1.eks.amazonaws.com",
            "id": "EKS_CLUSTER",
            "identity": [
              {
                "oidc": [
                  {
                    "issuer": "https://oidc.eks.us-east-1.amazonaws.com/id/C0D7CF8223F9B6F41801684ED021EE63"
                  }
                ]
              }
            ],
            "kubernetes_network_config": [
              {
                "ip_family": "ipv4",
                "service_ipv4_cidr": "10.100.0.0/16"
              }
            ],
            "name": "EKS_CLUSTER",
            "platform_version": "eks.5",
            "role_arn": "arn:aws:iam::737971166371:role/RoleForEKS-EKS_CLUSTER",
            "status": "ACTIVE",
            "tags": null,
            "tags_all": {},
            "timeouts": null,
            "version": "1.20",
            "vpc_config": [
              {
                "cluster_security_group_id": "sg-0a9543c4cf76066ec",
                "endpoint_private_access": true,
                "endpoint_public_access": true,
                "public_access_cidrs": [
                  "0.0.0.0/0"
                ],
                "security_group_ids": [
                  "sg-077f39fea999d6687"
                ],
                "subnet_ids": [
                  "subnet-0abc2c6f",
                  "subnet-76a41c7a"
                ],
                "vpc_id": "vpc-36f4fd53"
              }
            ]
          },
          "sensitive_attributes": [],
          "private": "eyJlMmJmYjczMC1lY2FhLTExZTYtOGY4OC0zNDM2M2JjN2M0YzAiOnsiY3JlYXRlIjoxODAwMDAwMDAwMDAwLCJkZWxldGUiOjkwMDAwMDAwMDAwMCwidXBkYXRlIjozNjAwMDAwMDAwMDAwfX0=",
          "dependencies": [
            "module.EKS_MASTER.aws_cloudwatch_log_group.logging",
            "module.EKS_MASTER.aws_iam_role.eks_cluster_role",
            "module.EKS_MASTER.aws_security_group.eks_cluster"
          ]
        }
      ]
    },
    {
      "module": "module.EKS_MASTER",
      "mode": "managed",
      "type": "aws_iam_role",
      "name": "eks_cluster_role",
      "provider": "provider[\"registry.terraform.io/hashicorp/aws\"]",
      "instances": [
        {
          "schema_version": 0,
          "attributes": {
            "arn": "arn:aws:iam::737971166371:role/RoleForEKS-EKS_CLUSTER",
            "assume_role_policy": "{\"Version\":\"2012-10-17\",\"Statement\":[{\"Effect\":\"Allow\",\"Principal\":{\"Service\":\"eks.amazonaws.com\"},\"Action\":\"sts:AssumeRole\"}]}",
            "create_date": "2022-05-12T13:23:21Z",
            "description": "",
            "force_detach_policies": false,
            "id": "RoleForEKS-EKS_CLUSTER",
            "inline_policy": [
              {
                "name": "",
                "policy": ""
              }
            ],
            "managed_policy_arns": [],
            "max_session_duration": 3600,
            "name": "RoleForEKS-EKS_CLUSTER",
            "name_prefix": "",
            "path": "/",
            "permissions_boundary": null,
            "tags": null,
            "tags_all": {},
            "unique_id": "AROA2XUUCLSRQCWBJTAOM"
          },
          "sensitive_attributes": [],
          "private": "bnVsbA=="
        }
      ]
    },
    {
      "module": "module.EKS_MASTER",
      "mode": "managed",
      "type": "aws_iam_role_policy_attachment",
      "name": "eks_cluster_EKSClusterPolicy",
      "provider": "provider[\"registry.terraform.io/hashicorp/aws\"]",
      "instances": [
        {
          "schema_version": 0,
          "attributes": {
            "id": "RoleForEKS-EKS_CLUSTER-20220512132323283900000001",
            "policy_arn": "arn:aws:iam::aws:policy/AmazonEKSClusterPolicy",
            "role": "RoleForEKS-EKS_CLUSTER"
          },
          "sensitive_attributes": [],
          "private": "bnVsbA==",
          "dependencies": [
            "module.EKS_MASTER.aws_iam_role.eks_cluster_role"
          ]
        }
      ]
    },
    {
      "module": "module.EKS_MASTER",
      "mode": "managed",
      "type": "aws_iam_role_policy_attachment",
      "name": "eks_cluster_EKSVPCResourceController",
      "provider": "provider[\"registry.terraform.io/hashicorp/aws\"]",
      "instances": [
        {
          "schema_version": 0,
          "attributes": {
            "id": "RoleForEKS-EKS_CLUSTER-20220512132323552500000002",
            "policy_arn": "arn:aws:iam::aws:policy/AmazonEKSVPCResourceController",
            "role": "RoleForEKS-EKS_CLUSTER"
          },
          "sensitive_attributes": [],
          "private": "bnVsbA==",
          "dependencies": [
            "module.EKS_MASTER.aws_iam_role.eks_cluster_role"
          ]
        }
      ]
    },
    {
      "module": "module.EKS_MASTER",
      "mode": "managed",
      "type": "aws_security_group",
      "name": "eks_cluster",
      "provider": "provider[\"registry.terraform.io/hashicorp/aws\"]",
      "instances": [
        {
          "schema_version": 1,
          "attributes": {
            "arn": "arn:aws:ec2:us-east-1:737971166371:security-group/sg-077f39fea999d6687",
            "description": "Cluster Communication with Worker Node",
            "egress": [
              {
                "cidr_blocks": [
                  "0.0.0.0/0"
                ],
                "description": "",
                "from_port": 0,
                "ipv6_cidr_blocks": [],
                "prefix_list_ids": [],
                "protocol": "-1",
                "security_groups": [],
                "self": false,
                "to_port": 0
              }
            ],
            "id": "sg-077f39fea999d6687",
            "ingress": [],
            "name": "eks_cluster-EKS_CLUSTER",
            "name_prefix": "",
            "owner_id": "737971166371",
            "revoke_rules_on_delete": false,
            "tags": {
              "Name": "SG-EKS-Cluster"
            },
            "tags_all": {
              "Name": "SG-EKS-Cluster"
            },
            "timeouts": null,
            "vpc_id": "vpc-36f4fd53"
          },
          "sensitive_attributes": [],
          "private": "eyJlMmJmYjczMC1lY2FhLTExZTYtOGY4OC0zNDM2M2JjN2M0YzAiOnsiY3JlYXRlIjo2MDAwMDAwMDAwMDAsImRlbGV0ZSI6OTAwMDAwMDAwMDAwfSwic2NoZW1hX3ZlcnNpb24iOiIxIn0="
        }
      ]
    },
    {
      "module": "module.EKS_MASTER",
      "mode": "managed",
      "type": "aws_security_group_rule",
      "name": "EKS_Cluster_ingress_https",
      "provider": "provider[\"registry.terraform.io/hashicorp/aws\"]",
      "instances": [
        {
          "schema_version": 2,
          "attributes": {
            "cidr_blocks": [
              "0.0.0.0/0"
            ],
            "description": "Allow workstations to communicate with the cluster API server.",
            "from_port": 443,
            "id": "sgrule-1348817642",
            "ipv6_cidr_blocks": null,
            "prefix_list_ids": null,
            "protocol": "tcp",
            "security_group_id": "sg-077f39fea999d6687",
            "self": false,
            "source_security_group_id": null,
            "to_port": 443,
            "type": "ingress"
          },
          "sensitive_attributes": [],
          "private": "eyJzY2hlbWFfdmVyc2lvbiI6IjIifQ==",
          "dependencies": [
            "module.EKS_MASTER.aws_security_group.eks_cluster"
          ]
        }
      ]
    },
    {
      "module": "module.EKS_MASTER",
      "mode": "managed",
      "type": "local_file",
      "name": "kube_config",
      "provider": "provider[\"registry.terraform.io/hashicorp/local\"]",
      "instances": [
        {
          "schema_version": 0,
          "attributes": {
            "content": "apiVersion: v1\nclusters:\n- cluster:\n    server: https://C0D7CF8223F9B6F41801684ED021EE63.gr7.us-east-1.eks.amazonaws.com\n    certificate-authority-data: LS0tLS1CRUdJTiBDRVJUSUZJQ0FURS0tLS0tCk1JSUM1ekNDQWMrZ0F3SUJBZ0lCQURBTkJna3Foa2lHOXcwQkFRc0ZBREFWTVJNd0VRWURWUVFERXdwcmRXSmwKY201bGRHVnpNQjRYRFRJeU1EVXhNakV6TWprek1Wb1hEVE15TURVd09URXpNamt6TVZvd0ZURVRNQkVHQTFVRQpBeE1LYTNWaVpYSnVaWFJsY3pDQ0FTSXdEUVlKS29aSWh2Y05BUUVCQlFBRGdnRVBBRENDQVFvQ2dnRUJBTTh3CmVKQmJGNHp6ZmsyUE9CUTM3b1NWRE42aWUrSituLzNRK0t1WmpIOUQxbVNHaGtGK242TlNxR0wyRWtscUVaQVIKR0QyMmY1RVYyTkJlM09RNTc5dVVMbmh3RC9YblluMXAxL2N6QXRiMHhBY0tIRzNUSTlIOUIwVUZIc05XQkhwawpUbDk2QU9sNEsxbnZSaE5EaEt0TUZMaXRQa2Nmc1ZiYng3VDAwWkMreTB4ejRIR3JIT3NKUkR4bkV6YzhCQTcrCnhYQXlZckM4ajJTcnUxdDJGUUFnWU56OGhRNHdiUU1wR0F0T3lZd1d4U0kxbk0vUFdBY1p6aDdHRUlLNjlIa3cKYVVzdHo5Q2R1NWNIMjNtTk10aVllaVdXZTFxZ3M1dThnajVPZnBHZndSWWUwL0xrVG5aZFVVYnJ1M1pmWVRTdApuZVowZm1ieVM1Tmh5dmJPN1FFQ0F3RUFBYU5DTUVBd0RnWURWUjBQQVFIL0JBUURBZ0trTUE4R0ExVWRFd0VCCi93UUZNQU1CQWY4d0hRWURWUjBPQkJZRUZCY2t3N01ib2ZQWWJMZUVQZWorUjltY3NZRi9NQTBHQ1NxR1NJYjMKRFFFQkN3VUFBNElCQVFBQ2pUSWtaemlLNUhRRHI4cDdFblpLbXkvRzh5L0luUUlFVU8xakN4dXorazlNeHM3KwovRHo3bGh2K3QxV3R5aWFXYVI5NHEwdDBnN28zYWt4N0dPUWVZVzBpSEJNWWRXb2RnN0FVK0NYQ0RqKy9tVDNJCmF5NEE2SlMySHd6eklScWx4SFJML3M4M2Fucy9IRCtJaFRGM1czUXhrVTVINTBOaElOR2NaQlRRcUp4SFZVZkYKamVZdHV5d0hYMmVkSkNaU0ZiSGR2ZHhJUHFYUE8yVnBobkgveDRTeWh1ZmJERE1FV3o4TXA5T0N2d0hXQk4xRQp6eHU2eXZtcnN2QXVEcmNpTk5MRDZ2WE9Gckk5aHVycEVmNEhZMlB6YUZsVDVSd2puRGFXSHNIRmpiemk3bXkzCk9zbFd4cDc3R1Y2d0g1dUoxL2pDbWI1bVVBT1BnSmNhdnYzYwotLS0tLUVORCBDRVJUSUZJQ0FURS0tLS0tCg==\n  name: kubernetes\ncontexts:\n- context:\n    cluster: kubernetes\n    user: aws\n  name: aws\ncurrent-context: aws\nkind: Config\npreferences: {}\nusers:\n- name: aws\n  user:\n    exec:\n      apiVersion: client.authentication.k8s.io/v1alpha1\n      command: aws-iam-authenticator\n      args:\n        - \"token\"\n        - \"-i\"\n        - \"EKS_CLUSTER\"\n",
            "content_base64": null,
            "directory_permission": "0777",
            "file_permission": "0777",
            "filename": "scripts/kubeconfig",
            "id": "04056d8a8599ee7e258ff93e6ba181f745f756bd",
            "sensitive_content": null,
            "source": null
          },
          "sensitive_attributes": [],
          "private": "bnVsbA==",
          "dependencies": [
            "module.EKS_MASTER.aws_cloudwatch_log_group.logging",
            "module.EKS_MASTER.aws_eks_cluster.EKS_CLUSTER",
            "module.EKS_MASTER.aws_iam_role.eks_cluster_role",
            "module.EKS_MASTER.aws_security_group.eks_cluster"
          ]
        }
      ]
    },
    {
      "module": "module.EKS_WORKER",
      "mode": "data",
      "type": "template_file",
      "name": "configmap",
      "provider": "provider[\"registry.terraform.io/hashicorp/template\"]",
      "instances": [
        {
          "schema_version": 0,
          "attributes": {
            "filename": null,
            "id": "3821c38ef67db0b3cdb065666776c07e88bccf5f546ae8c968f428bd16c03d8d",
            "rendered": "apiVersion: v1\nkind: ConfigMap\nmetadata:\n  name: aws-auth\n  namespace: kube-system\ndata:\n  mapRoles: |\n    - rolearn: \"arn:aws:iam::737971166371:role/eks_worker_node-EKS_CLUSTER\"\n      username: system:node:{{EC2PrivateDNSName}}\n      groups:\n        - system:bootstrappers\n        - system:nodes\n",
            "template": "apiVersion: v1\nkind: ConfigMap\nmetadata:\n  name: aws-auth\n  namespace: kube-system\ndata:\n  mapRoles: |\n    - rolearn: \"${role_arn}\"\n      username: system:node:{{EC2PrivateDNSName}}\n      groups:\n        - system:bootstrappers\n        - system:nodes\n",
            "vars": {
              "role_arn": "arn:aws:iam::737971166371:role/eks_worker_node-EKS_CLUSTER"
            }
          },
          "sensitive_attributes": []
        }
      ]
    },
    {
      "module": "module.EKS_WORKER",
      "mode": "managed",
      "type": "aws_iam_role",
      "name": "eks_node",
      "provider": "provider[\"registry.terraform.io/hashicorp/aws\"]",
      "instances": [
        {
          "schema_version": 0,
          "attributes": {
            "arn": "arn:aws:iam::737971166371:role/eks_worker_node-EKS_CLUSTER",
            "assume_role_policy": "{\"Version\":\"2012-10-17\",\"Statement\":[{\"Effect\":\"Allow\",\"Principal\":{\"Service\":\"ec2.amazonaws.com\"},\"Action\":\"sts:AssumeRole\"}]}",
            "create_date": "2022-05-12T13:36:09Z",
            "description": "",
            "force_detach_policies": false,
            "id": "eks_worker_node-EKS_CLUSTER",
            "inline_policy": [
              {
                "name": "",
                "policy": ""
              }
            ],
            "managed_policy_arns": [],
            "max_session_duration": 3600,
            "name": "eks_worker_node-EKS_CLUSTER",
            "name_prefix": "",
            "path": "/",
            "permissions_boundary": null,
            "tags": null,
            "tags_all": {},
            "unique_id": "AROA2XUUCLSR24HS25UVV"
          },
          "sensitive_attributes": [],
          "private": "bnVsbA==",
          "dependencies": [
            "module.EKS_MASTER.aws_cloudwatch_log_group.logging",
            "module.EKS_MASTER.aws_eks_cluster.EKS_CLUSTER",
            "module.EKS_MASTER.aws_iam_role.eks_cluster_role",
            "module.EKS_MASTER.aws_iam_role_policy_attachment.eks_cluster_EKSClusterPolicy",
            "module.EKS_MASTER.aws_iam_role_policy_attachment.eks_cluster_EKSVPCResourceController",
            "module.EKS_MASTER.aws_security_group.eks_cluster",
            "module.EKS_MASTER.aws_security_group_rule.EKS_Cluster_ingress_https",
            "module.EKS_MASTER.local_file.kube_config"
          ]
        }
      ]
    },
    {
      "module": "module.EKS_WORKER",
      "mode": "managed",
      "type": "aws_iam_role_policy",
      "name": "policy",
      "provider": "provider[\"registry.terraform.io/hashicorp/aws\"]",
      "instances": [
        {
          "schema_version": 0,
          "attributes": {
            "id": "eks_worker_node-EKS_CLUSTER:EKS_CLUSTER_scaler_policy",
            "name": "EKS_CLUSTER_scaler_policy",
            "name_prefix": null,
            "policy": "{\"Statement\":[{\"Action\":[\"autoscaling:DescribeAutoScalingGroups\",\"autoscaling:DescribeAutoScalingInstances\",\"autoscaling:DescribeLaunchConfigurations\",\"autoscaling:DescribeTags\",\"autoscaling:SetDesiredCapacity\",\"autoscaling:TerminateInstanceInAutoScalingGroup\",\"ec2:DescribeLaunchTemplateVersions\"],\"Effect\":\"Allow\",\"Resource\":\"*\"}],\"Version\":\"2012-10-17\"}",
            "role": "eks_worker_node-EKS_CLUSTER"
          },
          "sensitive_attributes": [],
          "private": "bnVsbA==",
          "dependencies": [
            "module.EKS_MASTER.aws_cloudwatch_log_group.logging",
            "module.EKS_MASTER.aws_eks_cluster.EKS_CLUSTER",
            "module.EKS_MASTER.aws_iam_role.eks_cluster_role",
            "module.EKS_MASTER.aws_iam_role_policy_attachment.eks_cluster_EKSClusterPolicy",
            "module.EKS_MASTER.aws_iam_role_policy_attachment.eks_cluster_EKSVPCResourceController",
            "module.EKS_MASTER.aws_security_group.eks_cluster",
            "module.EKS_MASTER.aws_security_group_rule.EKS_Cluster_ingress_https",
            "module.EKS_MASTER.local_file.kube_config",
            "module.EKS_WORKER.aws_iam_role.eks_node"
          ]
        }
      ]
    },
    {
      "module": "module.EKS_WORKER",
      "mode": "managed",
      "type": "aws_iam_role_policy_attachment",
      "name": "EC2Registry",
      "provider": "provider[\"registry.terraform.io/hashicorp/aws\"]",
      "instances": [
        {
          "schema_version": 0,
          "attributes": {
            "id": "eks_worker_node-EKS_CLUSTER-20220512133612217000000004",
            "policy_arn": "arn:aws:iam::aws:policy/AmazonEC2ContainerRegistryReadOnly",
            "role": "eks_worker_node-EKS_CLUSTER"
          },
          "sensitive_attributes": [],
          "private": "bnVsbA==",
          "dependencies": [
            "module.EKS_MASTER.aws_cloudwatch_log_group.logging",
            "module.EKS_MASTER.aws_eks_cluster.EKS_CLUSTER",
            "module.EKS_MASTER.aws_iam_role.eks_cluster_role",
            "module.EKS_MASTER.aws_iam_role_policy_attachment.eks_cluster_EKSClusterPolicy",
            "module.EKS_MASTER.aws_iam_role_policy_attachment.eks_cluster_EKSVPCResourceController",
            "module.EKS_MASTER.aws_security_group.eks_cluster",
            "module.EKS_MASTER.aws_security_group_rule.EKS_Cluster_ingress_https",
            "module.EKS_MASTER.local_file.kube_config",
            "module.EKS_WORKER.aws_iam_role.eks_node"
          ]
        }
      ]
    },
    {
      "module": "module.EKS_WORKER",
      "mode": "managed",
      "type": "aws_iam_role_policy_attachment",
      "name": "EKSWorkerNodePolicy",
      "provider": "provider[\"registry.terraform.io/hashicorp/aws\"]",
      "instances": [
        {
          "schema_version": 0,
          "attributes": {
            "id": "eks_worker_node-EKS_CLUSTER-20220512133612664000000005",
            "policy_arn": "arn:aws:iam::aws:policy/AmazonEKSWorkerNodePolicy",
            "role": "eks_worker_node-EKS_CLUSTER"
          },
          "sensitive_attributes": [],
          "private": "bnVsbA==",
          "dependencies": [
            "module.EKS_MASTER.aws_cloudwatch_log_group.logging",
            "module.EKS_MASTER.aws_eks_cluster.EKS_CLUSTER",
            "module.EKS_MASTER.aws_iam_role.eks_cluster_role",
            "module.EKS_MASTER.aws_iam_role_policy_attachment.eks_cluster_EKSClusterPolicy",
            "module.EKS_MASTER.aws_iam_role_policy_attachment.eks_cluster_EKSVPCResourceController",
            "module.EKS_MASTER.aws_security_group.eks_cluster",
            "module.EKS_MASTER.aws_security_group_rule.EKS_Cluster_ingress_https",
            "module.EKS_MASTER.local_file.kube_config",
            "module.EKS_WORKER.aws_iam_role.eks_node"
          ]
        }
      ]
    },
    {
      "module": "module.EKS_WORKER",
      "mode": "managed",
      "type": "aws_iam_role_policy_attachment",
      "name": "EKS_CNI_Policy",
      "provider": "provider[\"registry.terraform.io/hashicorp/aws\"]",
      "instances": [
        {
          "schema_version": 0,
          "attributes": {
            "id": "eks_worker_node-EKS_CLUSTER-20220512133612685700000006",
            "policy_arn": "arn:aws:iam::aws:policy/AmazonEKS_CNI_Policy",
            "role": "eks_worker_node-EKS_CLUSTER"
          },
          "sensitive_attributes": [],
          "private": "bnVsbA==",
          "dependencies": [
            "module.EKS_MASTER.aws_cloudwatch_log_group.logging",
            "module.EKS_MASTER.aws_eks_cluster.EKS_CLUSTER",
            "module.EKS_MASTER.aws_iam_role.eks_cluster_role",
            "module.EKS_MASTER.aws_iam_role_policy_attachment.eks_cluster_EKSClusterPolicy",
            "module.EKS_MASTER.aws_iam_role_policy_attachment.eks_cluster_EKSVPCResourceController",
            "module.EKS_MASTER.aws_security_group.eks_cluster",
            "module.EKS_MASTER.aws_security_group_rule.EKS_Cluster_ingress_https",
            "module.EKS_MASTER.local_file.kube_config",
            "module.EKS_WORKER.aws_iam_role.eks_node"
          ]
        }
      ]
    },
    {
      "module": "module.EKS_WORKER",
      "mode": "managed",
      "type": "local_file",
      "name": "rendered_confitmap",
      "provider": "provider[\"registry.terraform.io/hashicorp/local\"]",
      "instances": [
        {
          "schema_version": 0,
          "attributes": {
            "content": "apiVersion: v1\nkind: ConfigMap\nmetadata:\n  name: aws-auth\n  namespace: kube-system\ndata:\n  mapRoles: |\n    - rolearn: \"arn:aws:iam::737971166371:role/eks_worker_node-EKS_CLUSTER\"\n      username: system:node:{{EC2PrivateDNSName}}\n      groups:\n        - system:bootstrappers\n        - system:nodes\n",
            "content_base64": null,
            "directory_permission": "0777",
            "file_permission": "0777",
            "filename": "./scripts/aws-auth-configmap.yaml",
            "id": "8451efe2454a020320e7a5f937e93ff701b4e722",
            "sensitive_content": null,
            "source": null
          },
          "sensitive_attributes": [],
          "private": "bnVsbA==",
          "dependencies": [
            "module.EKS_MASTER.aws_cloudwatch_log_group.logging",
            "module.EKS_MASTER.aws_eks_cluster.EKS_CLUSTER",
            "module.EKS_MASTER.aws_iam_role.eks_cluster_role",
            "module.EKS_MASTER.aws_iam_role_policy_attachment.eks_cluster_EKSClusterPolicy",
            "module.EKS_MASTER.aws_iam_role_policy_attachment.eks_cluster_EKSVPCResourceController",
            "module.EKS_MASTER.aws_security_group.eks_cluster",
            "module.EKS_MASTER.aws_security_group_rule.EKS_Cluster_ingress_https",
            "module.EKS_MASTER.local_file.kube_config",
            "module.EKS_WORKER.aws_iam_role.eks_node",
            "module.EKS_WORKER.data.template_file.configmap"
          ]
        }
      ]
    }
  ]
}
